
Microsoft Visual Studio Solution File, Format Version 12.00
# Visual Studio 15
VisualStudioVersion = 15.0.28307.136
MinimumVisualStudioVersion = 10.0.40219.1
Project("{FAE04EC0-301F-11D3-BF4B-00C04F79EFBC}") = "whitebaord 2", "whitebaord 2\whitebaord 2.csproj", "{967FF5B7-5058-4324-84CA-38453B9D01B1}"
EndProject
Global
	GlobalSection(SolutionConfigurationPlatforms) = preSolution
		Debug|Any CPU = Debug|Any CPU
		Release|Any CPU = Release|Any CPU
	EndGlobalSection
	GlobalSection(ProjectConfigurationPlatforms) = postSolution
		{967FF5B7-5058-4324-84CA-38453B9D01B1}.Debug|Any CPU.ActiveCfg = Debug|Any CPU
		{967FF5B7-5058-4324-84CA-38453B9D01B1}.Debug|Any CPU.Build.0 = Debug|Any CPU
		{967FF5B7-5058-4324-84CA-38453B9D01B1}.Release|Any CPU.ActiveCfg = Release|Any CPU
		{967FF5B7-5058-4324-84CA-38453B9D01B1}.Release|Any CPU.Build.0 = Release|Any CPU
	EndGlobalSection
	GlobalSection(SolutionProperties) = preSolution
		HideSolutionNode = FALSE
	EndGlobalSection
	GlobalSection(ExtensibilityGlobals) = postSolution
		SolutionGuid = {8531CB37-233A-4E35-BE90-E7A4042796B3}
	EndGlobalSection
EndGlobal
