
Microsoft Visual Studio Solution File, Format Version 12.00
# Visual Studio 15
VisualStudioVersion = 15.0.28307.136
MinimumVisualStudioVersion = 10.0.40219.1
Project("{FAE04EC0-301F-11D3-BF4B-00C04F79EFBC}") = "Csharp whiteboarding", "Csharp whiteboarding\Csharp whiteboarding.csproj", "{5FF407AB-511A-4714-B62E-092EC8638823}"
EndProject
Global
	GlobalSection(SolutionConfigurationPlatforms) = preSolution
		Debug|Any CPU = Debug|Any CPU
		Release|Any CPU = Release|Any CPU
	EndGlobalSection
	GlobalSection(ProjectConfigurationPlatforms) = postSolution
		{5FF407AB-511A-4714-B62E-092EC8638823}.Debug|Any CPU.ActiveCfg = Debug|Any CPU
		{5FF407AB-511A-4714-B62E-092EC8638823}.Debug|Any CPU.Build.0 = Debug|Any CPU
		{5FF407AB-511A-4714-B62E-092EC8638823}.Release|Any CPU.ActiveCfg = Release|Any CPU
		{5FF407AB-511A-4714-B62E-092EC8638823}.Release|Any CPU.Build.0 = Release|Any CPU
	EndGlobalSection
	GlobalSection(SolutionProperties) = preSolution
		HideSolutionNode = FALSE
	EndGlobalSection
	GlobalSection(ExtensibilityGlobals) = postSolution
		SolutionGuid = {E2AAC70A-0E78-4E5E-A3CC-270A088C049A}
	EndGlobalSection
EndGlobal
