
Microsoft Visual Studio Solution File, Format Version 12.00
# Visual Studio 15
VisualStudioVersion = 15.0.28307.136
MinimumVisualStudioVersion = 10.0.40219.1
Project("{FAE04EC0-301F-11D3-BF4B-00C04F79EFBC}") = "Boggle", "Boggle\Boggle.csproj", "{01CCDA58-D592-49D0-9F0F-9AD3A4D62265}"
EndProject
Global
	GlobalSection(SolutionConfigurationPlatforms) = preSolution
		Debug|Any CPU = Debug|Any CPU
		Release|Any CPU = Release|Any CPU
	EndGlobalSection
	GlobalSection(ProjectConfigurationPlatforms) = postSolution
		{01CCDA58-D592-49D0-9F0F-9AD3A4D62265}.Debug|Any CPU.ActiveCfg = Debug|Any CPU
		{01CCDA58-D592-49D0-9F0F-9AD3A4D62265}.Debug|Any CPU.Build.0 = Debug|Any CPU
		{01CCDA58-D592-49D0-9F0F-9AD3A4D62265}.Release|Any CPU.ActiveCfg = Release|Any CPU
		{01CCDA58-D592-49D0-9F0F-9AD3A4D62265}.Release|Any CPU.Build.0 = Release|Any CPU
	EndGlobalSection
	GlobalSection(SolutionProperties) = preSolution
		HideSolutionNode = FALSE
	EndGlobalSection
	GlobalSection(ExtensibilityGlobals) = postSolution
		SolutionGuid = {199BEA92-2600-4E9A-B0AC-646F86FF865E}
	EndGlobalSection
EndGlobal
