
Microsoft Visual Studio Solution File, Format Version 12.00
# Visual Studio 15
VisualStudioVersion = 15.0.28307.136
MinimumVisualStudioVersion = 10.0.40219.1
Project("{FAE04EC0-301F-11D3-BF4B-00C04F79EFBC}") = "blackjack", "blackjack\blackjack.csproj", "{F22BBC15-B656-4DF8-925A-12CE85EBDB56}"
EndProject
Global
	GlobalSection(SolutionConfigurationPlatforms) = preSolution
		Debug|Any CPU = Debug|Any CPU
		Release|Any CPU = Release|Any CPU
	EndGlobalSection
	GlobalSection(ProjectConfigurationPlatforms) = postSolution
		{F22BBC15-B656-4DF8-925A-12CE85EBDB56}.Debug|Any CPU.ActiveCfg = Debug|Any CPU
		{F22BBC15-B656-4DF8-925A-12CE85EBDB56}.Debug|Any CPU.Build.0 = Debug|Any CPU
		{F22BBC15-B656-4DF8-925A-12CE85EBDB56}.Release|Any CPU.ActiveCfg = Release|Any CPU
		{F22BBC15-B656-4DF8-925A-12CE85EBDB56}.Release|Any CPU.Build.0 = Release|Any CPU
	EndGlobalSection
	GlobalSection(SolutionProperties) = preSolution
		HideSolutionNode = FALSE
	EndGlobalSection
	GlobalSection(ExtensibilityGlobals) = postSolution
		SolutionGuid = {70127515-C1A2-49DD-8833-96F7A3C89BEF}
	EndGlobalSection
EndGlobal
