
Microsoft Visual Studio Solution File, Format Version 12.00
# Visual Studio 15
VisualStudioVersion = 15.0.28307.136
MinimumVisualStudioVersion = 10.0.40219.1
Project("{FAE04EC0-301F-11D3-BF4B-00C04F79EFBC}") = "More exception handling", "More exception handling\More exception handling.csproj", "{A5724489-A55A-4600-9308-1517DCFB647B}"
EndProject
Global
	GlobalSection(SolutionConfigurationPlatforms) = preSolution
		Debug|Any CPU = Debug|Any CPU
		Release|Any CPU = Release|Any CPU
	EndGlobalSection
	GlobalSection(ProjectConfigurationPlatforms) = postSolution
		{A5724489-A55A-4600-9308-1517DCFB647B}.Debug|Any CPU.ActiveCfg = Debug|Any CPU
		{A5724489-A55A-4600-9308-1517DCFB647B}.Debug|Any CPU.Build.0 = Debug|Any CPU
		{A5724489-A55A-4600-9308-1517DCFB647B}.Release|Any CPU.ActiveCfg = Release|Any CPU
		{A5724489-A55A-4600-9308-1517DCFB647B}.Release|Any CPU.Build.0 = Release|Any CPU
	EndGlobalSection
	GlobalSection(SolutionProperties) = preSolution
		HideSolutionNode = FALSE
	EndGlobalSection
	GlobalSection(ExtensibilityGlobals) = postSolution
		SolutionGuid = {049CBBC3-0643-4BD0-A77C-64F02432F292}
	EndGlobalSection
EndGlobal
