
Microsoft Visual Studio Solution File, Format Version 12.00
# Visual Studio 15
VisualStudioVersion = 15.0.28307.136
MinimumVisualStudioVersion = 10.0.40219.1
Project("{FAE04EC0-301F-11D3-BF4B-00C04F79EFBC}") = "leg of lambda", "leg of lambda\leg of lambda.csproj", "{C12A241A-D8D0-4187-87F6-4AF98EF59626}"
EndProject
Global
	GlobalSection(SolutionConfigurationPlatforms) = preSolution
		Debug|Any CPU = Debug|Any CPU
		Release|Any CPU = Release|Any CPU
	EndGlobalSection
	GlobalSection(ProjectConfigurationPlatforms) = postSolution
		{C12A241A-D8D0-4187-87F6-4AF98EF59626}.Debug|Any CPU.ActiveCfg = Debug|Any CPU
		{C12A241A-D8D0-4187-87F6-4AF98EF59626}.Debug|Any CPU.Build.0 = Debug|Any CPU
		{C12A241A-D8D0-4187-87F6-4AF98EF59626}.Release|Any CPU.ActiveCfg = Release|Any CPU
		{C12A241A-D8D0-4187-87F6-4AF98EF59626}.Release|Any CPU.Build.0 = Release|Any CPU
	EndGlobalSection
	GlobalSection(SolutionProperties) = preSolution
		HideSolutionNode = FALSE
	EndGlobalSection
	GlobalSection(ExtensibilityGlobals) = postSolution
		SolutionGuid = {D7302738-C0C5-41B5-AAF5-41406E83011D}
	EndGlobalSection
EndGlobal
