
Microsoft Visual Studio Solution File, Format Version 12.00
# Visual Studio 15
VisualStudioVersion = 15.0.28307.136
MinimumVisualStudioVersion = 10.0.40219.1
Project("{FAE04EC0-301F-11D3-BF4B-00C04F79EFBC}") = "ContosoUniversity", "ContosoUniversity\ContosoUniversity.csproj", "{D95F3F0C-4FE2-4B9C-8B65-A974DBD73795}"
EndProject
Global
	GlobalSection(SolutionConfigurationPlatforms) = preSolution
		Debug|Any CPU = Debug|Any CPU
		Release|Any CPU = Release|Any CPU
	EndGlobalSection
	GlobalSection(ProjectConfigurationPlatforms) = postSolution
		{D95F3F0C-4FE2-4B9C-8B65-A974DBD73795}.Debug|Any CPU.ActiveCfg = Debug|Any CPU
		{D95F3F0C-4FE2-4B9C-8B65-A974DBD73795}.Debug|Any CPU.Build.0 = Debug|Any CPU
		{D95F3F0C-4FE2-4B9C-8B65-A974DBD73795}.Release|Any CPU.ActiveCfg = Release|Any CPU
		{D95F3F0C-4FE2-4B9C-8B65-A974DBD73795}.Release|Any CPU.Build.0 = Release|Any CPU
	EndGlobalSection
	GlobalSection(SolutionProperties) = preSolution
		HideSolutionNode = FALSE
	EndGlobalSection
	GlobalSection(ExtensibilityGlobals) = postSolution
		SolutionGuid = {D4D4FD1D-65C6-49E1-9173-AF273F8B4EFC}
	EndGlobalSection
EndGlobal
