
Microsoft Visual Studio Solution File, Format Version 12.00
# Visual Studio 15
VisualStudioVersion = 15.0.28307.136
MinimumVisualStudioVersion = 10.0.40219.1
Project("{FAE04EC0-301F-11D3-BF4B-00C04F79EFBC}") = "CarInsurance2", "CarInsurance2\CarInsurance2.csproj", "{B932CC94-29C1-4BA8-913F-AAC274B05A7B}"
EndProject
Global
	GlobalSection(SolutionConfigurationPlatforms) = preSolution
		Debug|Any CPU = Debug|Any CPU
		Release|Any CPU = Release|Any CPU
	EndGlobalSection
	GlobalSection(ProjectConfigurationPlatforms) = postSolution
		{B932CC94-29C1-4BA8-913F-AAC274B05A7B}.Debug|Any CPU.ActiveCfg = Debug|Any CPU
		{B932CC94-29C1-4BA8-913F-AAC274B05A7B}.Debug|Any CPU.Build.0 = Debug|Any CPU
		{B932CC94-29C1-4BA8-913F-AAC274B05A7B}.Release|Any CPU.ActiveCfg = Release|Any CPU
		{B932CC94-29C1-4BA8-913F-AAC274B05A7B}.Release|Any CPU.Build.0 = Release|Any CPU
	EndGlobalSection
	GlobalSection(SolutionProperties) = preSolution
		HideSolutionNode = FALSE
	EndGlobalSection
	GlobalSection(ExtensibilityGlobals) = postSolution
		SolutionGuid = {851F298B-B9DE-41F6-B597-00059ABD240F}
	EndGlobalSection
EndGlobal
