
Microsoft Visual Studio Solution File, Format Version 12.00
# Visual Studio 15
VisualStudioVersion = 15.0.28307.136
MinimumVisualStudioVersion = 10.0.40219.1
Project("{FAE04EC0-301F-11D3-BF4B-00C04F79EFBC}") = "100", "100\100.csproj", "{9FF02091-288A-4208-866C-51D66D667B8A}"
EndProject
Global
	GlobalSection(SolutionConfigurationPlatforms) = preSolution
		Debug|Any CPU = Debug|Any CPU
		Release|Any CPU = Release|Any CPU
	EndGlobalSection
	GlobalSection(ProjectConfigurationPlatforms) = postSolution
		{9FF02091-288A-4208-866C-51D66D667B8A}.Debug|Any CPU.ActiveCfg = Debug|Any CPU
		{9FF02091-288A-4208-866C-51D66D667B8A}.Debug|Any CPU.Build.0 = Debug|Any CPU
		{9FF02091-288A-4208-866C-51D66D667B8A}.Release|Any CPU.ActiveCfg = Release|Any CPU
		{9FF02091-288A-4208-866C-51D66D667B8A}.Release|Any CPU.Build.0 = Release|Any CPU
	EndGlobalSection
	GlobalSection(SolutionProperties) = preSolution
		HideSolutionNode = FALSE
	EndGlobalSection
	GlobalSection(ExtensibilityGlobals) = postSolution
		SolutionGuid = {C2E31CAD-5C97-4197-BF30-9524542438FF}
	EndGlobalSection
EndGlobal
