
Microsoft Visual Studio Solution File, Format Version 12.00
# Visual Studio 15
VisualStudioVersion = 15.0.28307.136
MinimumVisualStudioVersion = 10.0.40219.1
Project("{FAE04EC0-301F-11D3-BF4B-00C04F79EFBC}") = "come pare", "come pare\come pare.csproj", "{639EBBA3-0D9F-47D5-8C47-C884DCDB798F}"
EndProject
Global
	GlobalSection(SolutionConfigurationPlatforms) = preSolution
		Debug|Any CPU = Debug|Any CPU
		Release|Any CPU = Release|Any CPU
	EndGlobalSection
	GlobalSection(ProjectConfigurationPlatforms) = postSolution
		{639EBBA3-0D9F-47D5-8C47-C884DCDB798F}.Debug|Any CPU.ActiveCfg = Debug|Any CPU
		{639EBBA3-0D9F-47D5-8C47-C884DCDB798F}.Debug|Any CPU.Build.0 = Debug|Any CPU
		{639EBBA3-0D9F-47D5-8C47-C884DCDB798F}.Release|Any CPU.ActiveCfg = Release|Any CPU
		{639EBBA3-0D9F-47D5-8C47-C884DCDB798F}.Release|Any CPU.Build.0 = Release|Any CPU
	EndGlobalSection
	GlobalSection(SolutionProperties) = preSolution
		HideSolutionNode = FALSE
	EndGlobalSection
	GlobalSection(ExtensibilityGlobals) = postSolution
		SolutionGuid = {D2C675AE-D8C6-4C86-A5AF-B9F5FBAE988E}
	EndGlobalSection
EndGlobal
