
Microsoft Visual Studio Solution File, Format Version 12.00
# Visual Studio 15
VisualStudioVersion = 15.0.28307.136
MinimumVisualStudioVersion = 10.0.40219.1
Project("{FAE04EC0-301F-11D3-BF4B-00C04F79EFBC}") = "LL new", "LL new\LL new.csproj", "{D2BA90E8-F7AE-410A-A3AC-7C2F3BA42A00}"
EndProject
Global
	GlobalSection(SolutionConfigurationPlatforms) = preSolution
		Debug|Any CPU = Debug|Any CPU
		Release|Any CPU = Release|Any CPU
	EndGlobalSection
	GlobalSection(ProjectConfigurationPlatforms) = postSolution
		{D2BA90E8-F7AE-410A-A3AC-7C2F3BA42A00}.Debug|Any CPU.ActiveCfg = Debug|Any CPU
		{D2BA90E8-F7AE-410A-A3AC-7C2F3BA42A00}.Debug|Any CPU.Build.0 = Debug|Any CPU
		{D2BA90E8-F7AE-410A-A3AC-7C2F3BA42A00}.Release|Any CPU.ActiveCfg = Release|Any CPU
		{D2BA90E8-F7AE-410A-A3AC-7C2F3BA42A00}.Release|Any CPU.Build.0 = Release|Any CPU
	EndGlobalSection
	GlobalSection(SolutionProperties) = preSolution
		HideSolutionNode = FALSE
	EndGlobalSection
	GlobalSection(ExtensibilityGlobals) = postSolution
		SolutionGuid = {DFF73E90-FEDF-4180-94F3-8EB44791258A}
	EndGlobalSection
EndGlobal
