
Microsoft Visual Studio Solution File, Format Version 12.00
# Visual Studio 15
VisualStudioVersion = 15.0.28307.136
MinimumVisualStudioVersion = 10.0.40219.1
Project("{FAE04EC0-301F-11D3-BF4B-00C04F79EFBC}") = "Exception", "Exception\Exception.csproj", "{09485B11-0BFD-496F-950A-17863372209E}"
EndProject
Global
	GlobalSection(SolutionConfigurationPlatforms) = preSolution
		Debug|Any CPU = Debug|Any CPU
		Release|Any CPU = Release|Any CPU
	EndGlobalSection
	GlobalSection(ProjectConfigurationPlatforms) = postSolution
		{09485B11-0BFD-496F-950A-17863372209E}.Debug|Any CPU.ActiveCfg = Debug|Any CPU
		{09485B11-0BFD-496F-950A-17863372209E}.Debug|Any CPU.Build.0 = Debug|Any CPU
		{09485B11-0BFD-496F-950A-17863372209E}.Release|Any CPU.ActiveCfg = Release|Any CPU
		{09485B11-0BFD-496F-950A-17863372209E}.Release|Any CPU.Build.0 = Release|Any CPU
	EndGlobalSection
	GlobalSection(SolutionProperties) = preSolution
		HideSolutionNode = FALSE
	EndGlobalSection
	GlobalSection(ExtensibilityGlobals) = postSolution
		SolutionGuid = {BDA15231-69E7-4E17-A48A-97D6EEC0D98F}
	EndGlobalSection
EndGlobal
